# =============================================================================
# FILE: stash_adblock_rules.yaml (ĐÃ SỬA LỖI proxy-groups)
# MÔ TẢ: File cấu hình rules chặn quảng cáo cho Stash (iOS/macOS).
# SỬ DỤNG: Copy toàn bộ nội dung phần "rules" vào cuối file cấu hình chính.
#          KHÔNG cần định nghĩa proxy-groups cho adblock.
# NGUYÊN LÝ: Policy REJECT được áp dụng trực tiếp trong rule, không qua group.
# =============================================================================

# =============================================================================
# RULES (Chặn quảng cáo - Policy REJECT nằm trực tiếp trong rule)
# =============================================================================
rules:
  # --- Quy tắc chặn tổng quát bằng keyword ---
  - DOMAIN-KEYWORD,ad,REJECT
  - DOMAIN-KEYWORD,ads,REJECT
  - DOMAIN-KEYWORD,analytics,REJECT
  - DOMAIN-KEYWORD,tracker,REJECT
  - DOMAIN-KEYWORD,doubleclick,REJECT
  - DOMAIN-KEYWORD,googleadservices,REJECT
  - DOMAIN-KEYWORD,googlesyndication,REJECT
  - DOMAIN-KEYWORD,applovin,REJECT
  - DOMAIN-KEYWORD,unityads,REJECT
  - DOMAIN-KEYWORD,vungle,REJECT
  - DOMAIN-KEYWORD,ironsrc,REJECT
  - DOMAIN-KEYWORD,mintegral,REJECT
  - DOMAIN-KEYWORD,chartboost,REJECT
  - DOMAIN-KEYWORD,inmobi,REJECT
  - DOMAIN-KEYWORD,fbcdn,REJECT
  - DOMAIN-KEYWORD,fbsbx,REJECT
  - DOMAIN-KEYWORD,facebook-network,REJECT
  - DOMAIN-KEYWORD,amazon-adsystem,REJECT
  - DOMAIN-KEYWORD,flurry,REJECT
  - DOMAIN-KEYWORD,crashlytics,REJECT
  - DOMAIN-KEYWORD,adjust,REJECT
  - DOMAIN-KEYWORD,appsflyer,REJECT
  - DOMAIN-KEYWORD,branch,REJECT
  - DOMAIN-KEYWORD,singular,REJECT
  - DOMAIN-KEYWORD,tapjoy,REJECT
  - DOMAIN-KEYWORD,mopub,REJECT
  - DOMAIN-KEYWORD,supersonicads,REJECT
  - DOMAIN-KEYWORD,heyzap,REJECT
  - DOMAIN-KEYWORD,adcolony,REJECT
  - DOMAIN-KEYWORD,ogury,REJECT
  - DOMAIN-KEYWORD,smaato,REJECT
  - DOMAIN-KEYWORD,startapp,REJECT
  - DOMAIN-KEYWORD,loopme,REJECT
  - DOMAIN-KEYWORD,admost,REJECT
  - DOMAIN-KEYWORD,pubnative,REJECT

  # --- Chặn domain cụ thể (AdAway + StevenBlack tổng hợp) ---
  - DOMAIN-SUFFIX,doubleclick.net,REJECT
  - DOMAIN-SUFFIX,googleadservices.com,REJECT
  - DOMAIN-SUFFIX,googlesyndication.com,REJECT
  - DOMAIN-SUFFIX,google-analytics.com,REJECT
  - DOMAIN-SUFFIX,googletagmanager.com,REJECT
  - DOMAIN-SUFFIX,googletagservices.com,REJECT
  - DOMAIN-SUFFIX,app-measurement.com,REJECT
  - DOMAIN-SUFFIX,firebaseio.com,REJECT
  - DOMAIN-SUFFIX,crashlytics.com,REJECT
  - DOMAIN-SUFFIX,fabric.io,REJECT
  - DOMAIN-SUFFIX,flurry.com,REJECT
  - DOMAIN-SUFFIX,appsflyer.com,REJECT
  - DOMAIN-SUFFIX,adjust.com,REJECT
  - DOMAIN-SUFFIX,adjust.io,REJECT
  - DOMAIN-SUFFIX,adjust.world,REJECT
  - DOMAIN-SUFFIX,branch.io,REJECT
  - DOMAIN-SUFFIX,singular.net,REJECT
  - DOMAIN-SUFFIX,kochava.com,REJECT
  - DOMAIN-SUFFIX,tune.com,REJECT
  - DOMAIN-SUFFIX,hasoffers.com,REJECT
  - DOMAIN-SUFFIX,mobileapptracking.com,REJECT
  - DOMAIN-SUFFIX,applovin.com,REJECT
  - DOMAIN-SUFFIX,applvn.com,REJECT
  - DOMAIN-SUFFIX,unity3d.com,REJECT
  - DOMAIN-SUFFIX,unityads.unity3d.com,REJECT
  - DOMAIN-SUFFIX,vungle.com,REJECT
  - DOMAIN-SUFFIX,ironsrc.com,REJECT
  - DOMAIN-SUFFIX,supersonicads.com,REJECT
  - DOMAIN-SUFFIX,mintegral.com,REJECT
  - DOMAIN-SUFFIX,chartboost.com,REJECT
  - DOMAIN-SUFFIX,inmobi.com,REJECT
  - DOMAIN-SUFFIX,inmobi.net,REJECT
  - DOMAIN-SUFFIX,tapjoy.com,REJECT
  - DOMAIN-SUFFIX,tapjoyads.com,REJECT
  - DOMAIN-SUFFIX,mopub.com,REJECT
  - DOMAIN-SUFFIX,adcolony.com,REJECT
  - DOMAIN-SUFFIX,ogury.com,REJECT
  - DOMAIN-SUFFIX,presage.io,REJECT
  - DOMAIN-SUFFIX,smaato.com,REJECT
  - DOMAIN-SUFFIX,smaato.net,REJECT
  - DOMAIN-SUFFIX,startapp.com,REJECT
  - DOMAIN-SUFFIX,startappexchange.com,REJECT
  - DOMAIN-SUFFIX,loopme.com,REJECT
  - DOMAIN-SUFFIX,loopme.me,REJECT
  - DOMAIN-SUFFIX,admost.com,REJECT
  - DOMAIN-SUFFIX,admostmediation.com,REJECT
  - DOMAIN-SUFFIX,pubnative.net,REJECT
  - DOMAIN-SUFFIX,verve.com,REJECT
  - DOMAIN-SUFFIX,hyprmx.com,REJECT
  - DOMAIN-SUFFIX,adtiming.com,REJECT
  - DOMAIN-SUFFIX,openx.net,REJECT
  - DOMAIN-SUFFIX,openx.com,REJECT
  - DOMAIN-SUFFIX,rubiconproject.com,REJECT
  - DOMAIN-SUFFIX,indexww.com,REJECT
  - DOMAIN-SUFFIX,indexexchange.com,REJECT
  - DOMAIN-SUFFIX,criteo.com,REJECT
  - DOMAIN-SUFFIX,criteo.net,REJECT
  - DOMAIN-SUFFIX,adsrvr.org,REJECT
  - DOMAIN-SUFFIX,thetradedesk.com,REJECT
  - DOMAIN-SUFFIX,adnxs.com,REJECT
  - DOMAIN-SUFFIX,appnexus.com,REJECT
  - DOMAIN-SUFFIX,contextweb.com,REJECT
  - DOMAIN-SUFFIX,pubmatic.com,REJECT
  - DOMAIN-SUFFIX,sharethrough.com,REJECT
  - DOMAIN-SUFFIX,smartadserver.com,REJECT
  - DOMAIN-SUFFIX,sovrn.com,REJECT
  - DOMAIN-SUFFIX,yieldmo.com,REJECT
  - DOMAIN-SUFFIX,amazon-adsystem.com,REJECT
  - DOMAIN-SUFFIX,aaxads.com,REJECT
  - DOMAIN-SUFFIX,aaxads.net,REJECT
  - DOMAIN-SUFFIX,serving-sys.com,REJECT
  - DOMAIN-SUFFIX,adsafeprotected.com,REJECT
  - DOMAIN-SUFFIX,adsafeprotected.net,REJECT
  - DOMAIN-SUFFIX,moatads.com,REJECT
  - DOMAIN-SUFFIX,iasds01.com,REJECT
  - DOMAIN-SUFFIX,adsymptotic.com,REJECT
  - DOMAIN-SUFFIX,adzerk.net,REJECT
  - DOMAIN-SUFFIX,adzerk.com,REJECT
  - DOMAIN-SUFFIX,kevel.net,REJECT
  - DOMAIN-SUFFIX,facebook.com,REJECT
  - DOMAIN-SUFFIX,fbcdn.net,REJECT
  - DOMAIN-SUFFIX,atdmt.com,REJECT
  - DOMAIN-SUFFIX,scorecardresearch.com,REJECT
  - DOMAIN-SUFFIX,outbrain.com,REJECT
  - DOMAIN-SUFFIX,taboola.com,REJECT
  - DOMAIN-SUFFIX,revcontent.com,REJECT
  - DOMAIN-SUFFIX,mgid.com,REJECT
  - DOMAIN-SUFFIX,advertising.com,REJECT
  - DOMAIN-SUFFIX,adtech.com,REJECT
  - DOMAIN-SUFFIX,yahoo.com,REJECT
  - DOMAIN-SUFFIX,bluekai.com,REJECT
  - DOMAIN-SUFFIX,demdex.net,REJECT
  - DOMAIN-SUFFIX,exelator.com,REJECT
  - DOMAIN-SUFFIX,lotame.com,REJECT
  - DOMAIN-SUFFIX,oraclecloud.com,REJECT
  - DOMAIN-SUFFIX,tiqcdn.com,REJECT
  - DOMAIN-SUFFIX,tealiumiq.com,REJECT
  - DOMAIN-SUFFIX,ensighten.com,REJECT
  - DOMAIN-SUFFIX,segment.io,REJECT
  - DOMAIN-SUFFIX,segment.com,REJECT
  - DOMAIN-SUFFIX,mixpanel.com,REJECT
  - DOMAIN-SUFFIX,amplitude.com,REJECT
  - DOMAIN-SUFFIX,appboy.com,REJECT
  - DOMAIN-SUFFIX,braze.com,REJECT
  - DOMAIN-SUFFIX,leanplum.com,REJECT
  - DOMAIN-SUFFIX,clevertap.com,REJECT
  - DOMAIN-SUFFIX,moengage.com,REJECT
  - DOMAIN-SUFFIX,onesignal.com,REJECT
  - DOMAIN-SUFFIX,batch.com,REJECT
  - DOMAIN-SUFFIX,airship.com,REJECT
  - DOMAIN-SUFFIX,urbanairship.com,REJECT
  - DOMAIN-SUFFIX,intercom.io,REJECT
  - DOMAIN-SUFFIX,intercomcdn.com,REJECT

  # --- Các domain chặn video quảng cáo trong game ---
  - DOMAIN-SUFFIX,ads.vungle.com,REJECT
  - DOMAIN-SUFFIX,api.vungle.com,REJECT
  - DOMAIN-SUFFIX,cdn.vungle.com,REJECT
  - DOMAIN-SUFFIX,ingest.vungle.com,REJECT
  - DOMAIN-SUFFIX,ads.unity3d.com,REJECT
  - DOMAIN-SUFFIX,adserver.unity3d.com,REJECT
  - DOMAIN-SUFFIX,auction.unityads.unity3d.com,REJECT
  - DOMAIN-SUFFIX,cdn.unityads.unity3d.com,REJECT
  - DOMAIN-SUFFIX,ads.ironsrc.com,REJECT
  - DOMAIN-SUFFIX,events.ironsrc.com,REJECT
  - DOMAIN-SUFFIX,init.ironsrc.com,REJECT
  - DOMAIN-SUFFIX,log.ironsrc.com,REJECT
  - DOMAIN-SUFFIX,mediation.ironsrc.com,REJECT
  - DOMAIN-SUFFIX,rv.ironsrc.com,REJECT
  - DOMAIN-SUFFIX,ads.applovin.com,REJECT
  - DOMAIN-SUFFIX,api.applovin.com,REJECT
  - DOMAIN-SUFFIX,cdn.applovin.com,REJECT
  - DOMAIN-SUFFIX,d.applovin.com,REJECT
  - DOMAIN-SUFFIX,img.applovin.com,REJECT
  - DOMAIN-SUFFIX,rt.applovin.com,REJECT
  - DOMAIN-SUFFIX,vid.applovin.com,REJECT
  - DOMAIN-SUFFIX,api.mintegral.com,REJECT
  - DOMAIN-SUFFIX,static.mintegral.com,REJECT
  - DOMAIN-SUFFIX,video.mintegral.com,REJECT
  - DOMAIN-SUFFIX,cdn.chartboost.com,REJECT
  - DOMAIN-SUFFIX,live.chartboost.com,REJECT
  - DOMAIN-SUFFIX,api.inmobi.com,REJECT
  - DOMAIN-SUFFIX,cdn.inmobi.com,REJECT
  - DOMAIN-SUFFIX,sdk.inmobi.com,REJECT
  - DOMAIN-SUFFIX,api.tapjoy.com,REJECT
  - DOMAIN-SUFFIX,content.tapjoy.com,REJECT
  - DOMAIN-SUFFIX,ws.tapjoyads.com,REJECT
  - DOMAIN-SUFFIX,placements.tapjoy.com,REJECT
  - DOMAIN-SUFFIX,ads.mopub.com,REJECT
  - DOMAIN-SUFFIX,analytics.mopub.com,REJECT
  - DOMAIN-SUFFIX,sdk.mopub.com,REJECT
  - DOMAIN-SUFFIX,ads.adcolony.com,REJECT
  - DOMAIN-SUFFIX,api.adcolony.com,REJECT
  - DOMAIN-SUFFIX,cdn.adcolony.com,REJECT
  - DOMAIN-SUFFIX,events3.adcolony.com,REJECT
  - DOMAIN-SUFFIX,wd.adcolony.com,REJECT
  - DOMAIN-SUFFIX,consent.ogury.com,REJECT
  - DOMAIN-SUFFIX,events.ogury.com,REJECT
  - DOMAIN-SUFFIX,mediation.ogury.com,REJECT
  - DOMAIN-SUFFIX,ads.smaato.com,REJECT
  - DOMAIN-SUFFIX,api.smaato.com,REJECT
  - DOMAIN-SUFFIX,cdn.smaato.com,REJECT
  - DOMAIN-SUFFIX,video.smaato.com,REJECT
  - DOMAIN-SUFFIX,ads.startapp.com,REJECT
  - DOMAIN-SUFFIX,api.startapp.com,REJECT
  - DOMAIN-SUFFIX,cdn.startapp.com,REJECT
  - DOMAIN-SUFFIX,info.startapp.com,REJECT
  - DOMAIN-SUFFIX,init.startapp.com,REJECT
  - DOMAIN-SUFFIX,ads.loopme.com,REJECT
  - DOMAIN-SUFFIX,api.loopme.com,REJECT
  - DOMAIN-SUFFIX,cdn.loopme.com,REJECT
  - DOMAIN-SUFFIX,tracker.loopme.com,REJECT

  # --- Chặn tracking / analytics SDK ---
  - DOMAIN-SUFFIX,adjust.com,REJECT
  - DOMAIN-SUFFIX,adjust.io,REJECT
  - DOMAIN-SUFFIX,appsflyer.com,REJECT
  - DOMAIN-SUFFIX,appsflyersdk.com,REJECT
  - DOMAIN-SUFFIX,api2.branch.io,REJECT
  - DOMAIN-SUFFIX,api.branch.io,REJECT
  - DOMAIN-SUFFIX,singular.net,REJECT
  - DOMAIN-SUFFIX,kochava.com,REJECT
  - DOMAIN-SUFFIX,tune.com,REJECT
  - DOMAIN-SUFFIX,hasoffers.com,REJECT
  - DOMAIN-SUFFIX,mobileapptracking.com,REJECT
  - DOMAIN-SUFFIX,events.kochava.com,REJECT
  - DOMAIN-SUFFIX,imp.kochava.com,REJECT
  - DOMAIN-SUFFIX,sdk.appsflyer.com,REJECT
  - DOMAIN-SUFFIX,app.appsflyer.com,REJECT
  - DOMAIN-SUFFIX,inapps.appsflyer.com,REJECT
  - DOMAIN-SUFFIX,t.appsflyer.com,REJECT
  - DOMAIN-SUFFIX,launches.appsflyer.com,REJECT
  - DOMAIN-SUFFIX,skadnetwork.appsflyer.com,REJECT

  # --- Luật cuối cùng: Cho phép toàn bộ traffic còn lại ---
  - MATCH,DIRECT
